
Microsoft Visual Studio Solution File, Format Version 12.00
# Visual Studio 15
VisualStudioVersion = 15.0.28307.572
MinimumVisualStudioVersion = 10.0.40219.1
Project("{FAE04EC0-301F-11D3-BF4B-00C04F79EFBC}") = "OpenE6B", "OpenE6B\OpenE6B.csproj", "{0C153EED-3413-4FB0-9605-11A7F7F8B7C0}"
EndProject
Project("{FAE04EC0-301F-11D3-BF4B-00C04F79EFBC}") = "OpenE6BTests", "OpenE6BTests\OpenE6BTests.csproj", "{477A5A38-0DBF-4A0D-89A5-3F99D14C9841}"
EndProject
Global
	GlobalSection(SolutionConfigurationPlatforms) = preSolution
		Debug|Any CPU = Debug|Any CPU
		Release|Any CPU = Release|Any CPU
	EndGlobalSection
	GlobalSection(ProjectConfigurationPlatforms) = postSolution
		{0C153EED-3413-4FB0-9605-11A7F7F8B7C0}.Debug|Any CPU.ActiveCfg = Debug|Any CPU
		{0C153EED-3413-4FB0-9605-11A7F7F8B7C0}.Debug|Any CPU.Build.0 = Debug|Any CPU
		{0C153EED-3413-4FB0-9605-11A7F7F8B7C0}.Release|Any CPU.ActiveCfg = Release|Any CPU
		{0C153EED-3413-4FB0-9605-11A7F7F8B7C0}.Release|Any CPU.Build.0 = Release|Any CPU
		{477A5A38-0DBF-4A0D-89A5-3F99D14C9841}.Debug|Any CPU.ActiveCfg = Debug|Any CPU
		{477A5A38-0DBF-4A0D-89A5-3F99D14C9841}.Debug|Any CPU.Build.0 = Debug|Any CPU
		{477A5A38-0DBF-4A0D-89A5-3F99D14C9841}.Release|Any CPU.ActiveCfg = Release|Any CPU
		{477A5A38-0DBF-4A0D-89A5-3F99D14C9841}.Release|Any CPU.Build.0 = Release|Any CPU
	EndGlobalSection
	GlobalSection(SolutionProperties) = preSolution
		HideSolutionNode = FALSE
	EndGlobalSection
	GlobalSection(ExtensibilityGlobals) = postSolution
		SolutionGuid = {DC6A76F2-A1DA-4C92-990A-55F92A869014}
	EndGlobalSection
EndGlobal
